
Microsoft Visual Studio Solution File, Format Version 12.00
# Visual Studio 15
VisualStudioVersion = 15.0.28307.271
MinimumVisualStudioVersion = 10.0.40219.1
Project("{FAE04EC0-301F-11D3-BF4B-00C04F79EFBC}") = "Task2_ AnalysisOfEnvelopes", "Task2_ AnalysisOfEnvelopesV2\Task2_ AnalysisOfEnvelopes.csproj", "{ACA6D8D7-6FD7-4C8B-AB97-D19A5931B700}"
EndProject
Project("{FAE04EC0-301F-11D3-BF4B-00C04F79EFBC}") = "Task2_AnalysisOfEnvelopes.Test", "Task2_AnalysisOfEnvelopes.Test\Task2_AnalysisOfEnvelopes.Test.csproj", "{4F8AC378-C0E4-4E4F-AF14-E0E9B758A2E2}"
EndProject
Global
	GlobalSection(SolutionConfigurationPlatforms) = preSolution
		Debug|Any CPU = Debug|Any CPU
		Release|Any CPU = Release|Any CPU
	EndGlobalSection
	GlobalSection(ProjectConfigurationPlatforms) = postSolution
		{ACA6D8D7-6FD7-4C8B-AB97-D19A5931B700}.Debug|Any CPU.ActiveCfg = Debug|Any CPU
		{ACA6D8D7-6FD7-4C8B-AB97-D19A5931B700}.Debug|Any CPU.Build.0 = Debug|Any CPU
		{ACA6D8D7-6FD7-4C8B-AB97-D19A5931B700}.Release|Any CPU.ActiveCfg = Release|Any CPU
		{ACA6D8D7-6FD7-4C8B-AB97-D19A5931B700}.Release|Any CPU.Build.0 = Release|Any CPU
		{4F8AC378-C0E4-4E4F-AF14-E0E9B758A2E2}.Debug|Any CPU.ActiveCfg = Debug|Any CPU
		{4F8AC378-C0E4-4E4F-AF14-E0E9B758A2E2}.Debug|Any CPU.Build.0 = Debug|Any CPU
		{4F8AC378-C0E4-4E4F-AF14-E0E9B758A2E2}.Release|Any CPU.ActiveCfg = Release|Any CPU
		{4F8AC378-C0E4-4E4F-AF14-E0E9B758A2E2}.Release|Any CPU.Build.0 = Release|Any CPU
	EndGlobalSection
	GlobalSection(SolutionProperties) = preSolution
		HideSolutionNode = FALSE
	EndGlobalSection
	GlobalSection(ExtensibilityGlobals) = postSolution
		SolutionGuid = {89C217F2-DC39-4A38-9DE8-847CE8CBA91F}
	EndGlobalSection
EndGlobal
